
Microsoft Visual Studio Solution File, Format Version 12.00
# Visual Studio 2013
VisualStudioVersion = 12.0.30723.0
MinimumVisualStudioVersion = 10.0.40219.1
Project("{8BC9CEB8-8B4A-11D0-8D11-00A0C91BC942}") = "Lights_Abby", "Lights_Abby.vcxproj", "{3FB3E2FE-0AD4-4F6D-8AD0-4476922AA630}"
EndProject
Global
	GlobalSection(SolutionConfigurationPlatforms) = preSolution
		Debug|Win32 = Debug|Win32
		Release|Win32 = Release|Win32
	EndGlobalSection
	GlobalSection(ProjectConfigurationPlatforms) = postSolution
		{3FB3E2FE-0AD4-4F6D-8AD0-4476922AA630}.Debug|Win32.ActiveCfg = Debug|Win32
		{3FB3E2FE-0AD4-4F6D-8AD0-4476922AA630}.Debug|Win32.Build.0 = Debug|Win32
		{3FB3E2FE-0AD4-4F6D-8AD0-4476922AA630}.Release|Win32.ActiveCfg = Release|Win32
		{3FB3E2FE-0AD4-4F6D-8AD0-4476922AA630}.Release|Win32.Build.0 = Release|Win32
	EndGlobalSection
	GlobalSection(SolutionProperties) = preSolution
		HideSolutionNode = FALSE
	EndGlobalSection
EndGlobal
